// !$*UTF8*$!
{
	archiveVersion = 1;
	classes = {
	};
	objectVersion = 46;
	objects = {

/* Begin PBXBuildFile section */
		2CA19F591CDEFAFC001E3326 /* AppDelegate.swift in Sources */ = {isa = PBXBuildFile; fileRef = 2CA19F581CDEFAFC001E3326 /* AppDelegate.swift */; };
		2CA19F5B1CDEFAFC001E3326 /* ViewController.swift in Sources */ = {isa = PBXBuildFile; fileRef = 2CA19F5A1CDEFAFC001E3326 /* ViewController.swift */; };
		2CA19F5E1CDEFAFD001E3326 /* Main.storyboard in Resources */ = {isa = PBXBuildFile; fileRef = 2CA19F5C1CDEFAFD001E3326 /* Main.storyboard */; };
		2CA19F601CDEFAFD001E3326 /* Assets.xcassets in Resources */ = {isa = PBXBuildFile; fileRef = 2CA19F5F1CDEFAFD001E3326 /* Assets.xcassets */; };
		2CA19F631CDEFAFD001E3326 /* LaunchScreen.storyboard in Resources */ = {isa = PBXBuildFile; fileRef = 2CA19F611CDEFAFD001E3326 /* LaunchScreen.storyboard */; };
		2CA19FB71CDF26A7001E3326 /* ContentsViewController.swift in Sources */ = {isa = PBXBuildFile; fileRef = 2CA19FB61CDF26A7001E3326 /* ContentsViewController.swift */; };
		2CCCA6D51CE8526600C90C0D /* ParticleScene.sks in Resources */ = {isa = PBXBuildFile; fileRef = 2CCCA6D41CE8526600C90C0D /* ParticleScene.sks */; };
		2CCCA6D71CE852D600C90C0D /* ParticleScene.swift in Sources */ = {isa = PBXBuildFile; fileRef = 2CCCA6D61CE852D600C90C0D /* ParticleScene.swift */; };
		2CCCA6DE1CE8627600C90C0D /* SmokeParticle.sks in Resources */ = {isa = PBXBuildFile; fileRef = 2CCCA6DC1CE8627600C90C0D /* SmokeParticle.sks */; };
		2CCCA6DF1CE8627600C90C0D /* spark.png in Resources */ = {isa = PBXBuildFile; fileRef = 2CCCA6DD1CE8627600C90C0D /* spark.png */; };
		2CCCA6E21CE8BF3200C90C0D /* BokehParticle.sks in Resources */ = {isa = PBXBuildFile; fileRef = 2CCCA6E01CE8BF3200C90C0D /* BokehParticle.sks */; };
		2CCCA6E31CE8BF3200C90C0D /* bokeh.png in Resources */ = {isa = PBXBuildFile; fileRef = 2CCCA6E11CE8BF3200C90C0D /* bokeh.png */; };
		2CCCA6E91CE9354F00C90C0D /* FireParticle.sks in Resources */ = {isa = PBXBuildFile; fileRef = 2CCCA6E81CE9354F00C90C0D /* FireParticle.sks */; };
		2CCCA6EB1CE9F03F00C90C0D /* FirefliesParticle.sks in Resources */ = {isa = PBXBuildFile; fileRef = 2CCCA6EA1CE9F03F00C90C0D /* FirefliesParticle.sks */; };
		2CCCA6ED1CE9F47300C90C0D /* MagicParticle.sks in Resources */ = {isa = PBXBuildFile; fileRef = 2CCCA6EC1CE9F47300C90C0D /* MagicParticle.sks */; };
		2CCCA6EF1CE9F50500C90C0D /* RainParticle.sks in Resources */ = {isa = PBXBuildFile; fileRef = 2CCCA6EE1CE9F50500C90C0D /* RainParticle.sks */; };
		2CCCA6F11CE9F6F600C90C0D /* SnowParticle.sks in Resources */ = {isa = PBXBuildFile; fileRef = 2CCCA6F01CE9F6F600C90C0D /* SnowParticle.sks */; };
		2CCCA6F31CE9F77A00C90C0D /* SparkParticle.sks in Resources */ = {isa = PBXBuildFile; fileRef = 2CCCA6F21CE9F77A00C90C0D /* SparkParticle.sks */; };
/* End PBXBuildFile section */

/* Begin PBXFileReference section */
		2CA19F551CDEFAFC001E3326 /* SpriteKitParticleSample.app */ = {isa = PBXFileReference; explicitFileType = wrapper.application; includeInIndex = 0; path = SpriteKitParticleSample.app; sourceTree = BUILT_PRODUCTS_DIR; };
		2CA19F581CDEFAFC001E3326 /* AppDelegate.swift */ = {isa = PBXFileReference; lastKnownFileType = sourcecode.swift; path = AppDelegate.swift; sourceTree = "<group>"; };
		2CA19F5A1CDEFAFC001E3326 /* ViewController.swift */ = {isa = PBXFileReference; lastKnownFileType = sourcecode.swift; path = ViewController.swift; sourceTree = "<group>"; };
		2CA19F5D1CDEFAFD001E3326 /* Base */ = {isa = PBXFileReference; lastKnownFileType = file.storyboard; name = Base; path = Base.lproj/Main.storyboard; sourceTree = "<group>"; };
		2CA19F5F1CDEFAFD001E3326 /* Assets.xcassets */ = {isa = PBXFileReference; lastKnownFileType = folder.assetcatalog; path = Assets.xcassets; sourceTree = "<group>"; };
		2CA19F621CDEFAFD001E3326 /* Base */ = {isa = PBXFileReference; lastKnownFileType = file.storyboard; name = Base; path = Base.lproj/LaunchScreen.storyboard; sourceTree = "<group>"; };
		2CA19F641CDEFAFD001E3326 /* Info.plist */ = {isa = PBXFileReference; lastKnownFileType = text.plist.xml; path = Info.plist; sourceTree = "<group>"; };
		2CA19FB61CDF26A7001E3326 /* ContentsViewController.swift */ = {isa = PBXFileReference; fileEncoding = 4; lastKnownFileType = sourcecode.swift; path = ContentsViewController.swift; sourceTree = "<group>"; };
		2CCCA6D41CE8526600C90C0D /* ParticleScene.sks */ = {isa = PBXFileReference; lastKnownFileType = file.sks; path = ParticleScene.sks; sourceTree = "<group>"; };
		2CCCA6D61CE852D600C90C0D /* ParticleScene.swift */ = {isa = PBXFileReference; fileEncoding = 4; lastKnownFileType = sourcecode.swift; path = ParticleScene.swift; sourceTree = "<group>"; };
		2CCCA6DC1CE8627600C90C0D /* SmokeParticle.sks */ = {isa = PBXFileReference; lastKnownFileType = file.sks; path = SmokeParticle.sks; sourceTree = "<group>"; };
		2CCCA6DD1CE8627600C90C0D /* spark.png */ = {isa = PBXFileReference; lastKnownFileType = image.png; path = spark.png; sourceTree = "<group>"; };
		2CCCA6E01CE8BF3200C90C0D /* BokehParticle.sks */ = {isa = PBXFileReference; lastKnownFileType = file.sks; path = BokehParticle.sks; sourceTree = "<group>"; };
		2CCCA6E11CE8BF3200C90C0D /* bokeh.png */ = {isa = PBXFileReference; lastKnownFileType = image.png; path = bokeh.png; sourceTree = "<group>"; };
		2CCCA6E81CE9354F00C90C0D /* FireParticle.sks */ = {isa = PBXFileReference; lastKnownFileType = file.sks; path = FireParticle.sks; sourceTree = "<group>"; };
		2CCCA6EA1CE9F03F00C90C0D /* FirefliesParticle.sks */ = {isa = PBXFileReference; lastKnownFileType = file.sks; path = FirefliesParticle.sks; sourceTree = "<group>"; };
		2CCCA6EC1CE9F47300C90C0D /* MagicParticle.sks */ = {isa = PBXFileReference; lastKnownFileType = file.sks; path = MagicParticle.sks; sourceTree = "<group>"; };
		2CCCA6EE1CE9F50500C90C0D /* RainParticle.sks */ = {isa = PBXFileReference; lastKnownFileType = file.sks; path = RainParticle.sks; sourceTree = "<group>"; };
		2CCCA6F01CE9F6F600C90C0D /* SnowParticle.sks */ = {isa = PBXFileReference; lastKnownFileType = file.sks; path = SnowParticle.sks; sourceTree = "<group>"; };
		2CCCA6F21CE9F77A00C90C0D /* SparkParticle.sks */ = {isa = PBXFileReference; lastKnownFileType = file.sks; path = SparkParticle.sks; sourceTree = "<group>"; };
/* End PBXFileReference section */

/* Begin PBXFrameworksBuildPhase section */
		2CA19F521CDEFAFC001E3326 /* Frameworks */ = {
			isa = PBXFrameworksBuildPhase;
			buildActionMask = 2147483647;
			files = (
			);
			runOnlyForDeploymentPostprocessing = 0;
		};
/* End PBXFrameworksBuildPhase section */

/* Begin PBXGroup section */
		2CA19F4C1CDEFAFC001E3326 = {
			isa = PBXGroup;
			children = (
				2CA19F571CDEFAFC001E3326 /* SpriteKitParticleSample */,
				2CA19F561CDEFAFC001E3326 /* Products */,
			);
			sourceTree = "<group>";
		};
		2CA19F561CDEFAFC001E3326 /* Products */ = {
			isa = PBXGroup;
			children = (
				2CA19F551CDEFAFC001E3326 /* SpriteKitParticleSample.app */,
			);
			name = Products;
			sourceTree = "<group>";
		};
		2CA19F571CDEFAFC001E3326 /* SpriteKitParticleSample */ = {
			isa = PBXGroup;
			children = (
				2CA19F581CDEFAFC001E3326 /* AppDelegate.swift */,
				2CA19F5A1CDEFAFC001E3326 /* ViewController.swift */,
				2CA19FB61CDF26A7001E3326 /* ContentsViewController.swift */,
				2CCCA6D31CE851B200C90C0D /* SpriteKit */,
				2CA19F6B1CDEFEC1001E3326 /* resources */,
				2CA19F5C1CDEFAFD001E3326 /* Main.storyboard */,
				2CA19F5F1CDEFAFD001E3326 /* Assets.xcassets */,
				2CA19F611CDEFAFD001E3326 /* LaunchScreen.storyboard */,
				2CA19F641CDEFAFD001E3326 /* Info.plist */,
			);
			path = SpriteKitParticleSample;
			sourceTree = "<group>";
		};
		2CA19F6B1CDEFEC1001E3326 /* resources */ = {
			isa = PBXGroup;
			children = (
				2CCCA6DC1CE8627600C90C0D /* SmokeParticle.sks */,
				2CCCA6DD1CE8627600C90C0D /* spark.png */,
				2CCCA6E01CE8BF3200C90C0D /* BokehParticle.sks */,
				2CCCA6E11CE8BF3200C90C0D /* bokeh.png */,
				2CCCA6E81CE9354F00C90C0D /* FireParticle.sks */,
				2CCCA6EA1CE9F03F00C90C0D /* FirefliesParticle.sks */,
				2CCCA6EC1CE9F47300C90C0D /* MagicParticle.sks */,
				2CCCA6EE1CE9F50500C90C0D /* RainParticle.sks */,
				2CCCA6F01CE9F6F600C90C0D /* SnowParticle.sks */,
				2CCCA6F21CE9F77A00C90C0D /* SparkParticle.sks */,
			);
			path = resources;
			sourceTree = "<group>";
		};
		2CCCA6D31CE851B200C90C0D /* SpriteKit */ = {
			isa = PBXGroup;
			children = (
				2CCCA6D41CE8526600C90C0D /* ParticleScene.sks */,
				2CCCA6D61CE852D600C90C0D /* ParticleScene.swift */,
			);
			path = SpriteKit;
			sourceTree = "<group>";
		};
/* End PBXGroup section */

/* Begin PBXNativeTarget section */
		2CA19F541CDEFAFC001E3326 /* SpriteKitParticleSample */ = {
			isa = PBXNativeTarget;
			buildConfigurationList = 2CA19F671CDEFAFD001E3326 /* Build configuration list for PBXNativeTarget "SpriteKitParticleSample" */;
			buildPhases = (
				2CA19F511CDEFAFC001E3326 /* Sources */,
				2CA19F521CDEFAFC001E3326 /* Frameworks */,
				2CA19F531CDEFAFC001E3326 /* Resources */,
			);
			buildRules = (
			);
			dependencies = (
			);
			name = SpriteKitParticleSample;
			productName = SpriteKitParticleSample;
			productReference = 2CA19F551CDEFAFC001E3326 /* SpriteKitParticleSample.app */;
			productType = "com.apple.product-type.application";
		};
/* End PBXNativeTarget section */

/* Begin PBXProject section */
		2CA19F4D1CDEFAFC001E3326 /* Project object */ = {
			isa = PBXProject;
			attributes = {
				LastSwiftUpdateCheck = 0730;
				LastUpgradeCheck = 0730;
				ORGANIZATIONNAME = akatsuki174;
				TargetAttributes = {
					2CA19F541CDEFAFC001E3326 = {
						CreatedOnToolsVersion = 7.3.1;
						DevelopmentTeam = 5K55PQ8BSJ;
					};
				};
			};
			buildConfigurationList = 2CA19F501CDEFAFC001E3326 /* Build configuration list for PBXProject "SpriteKitParticleSample" */;
			compatibilityVersion = "Xcode 3.2";
			developmentRegion = English;
			hasScannedForEncodings = 0;
			knownRegions = (
				en,
				Base,
			);
			mainGroup = 2CA19F4C1CDEFAFC001E3326;
			productRefGroup = 2CA19F561CDEFAFC001E3326 /* Products */;
			projectDirPath = "";
			projectRoot = "";
			targets = (
				2CA19F541CDEFAFC001E3326 /* SpriteKitParticleSample */,
			);
		};
/* End PBXProject section */

/* Begin PBXResourcesBuildPhase section */
		2CA19F531CDEFAFC001E3326 /* Resources */ = {
			isa = PBXResourcesBuildPhase;
			buildActionMask = 2147483647;
			files = (
				2CCCA6D51CE8526600C90C0D /* ParticleScene.sks in Resources */,
				2CCCA6EB1CE9F03F00C90C0D /* FirefliesParticle.sks in Resources */,
				2CCCA6F11CE9F6F600C90C0D /* SnowParticle.sks in Resources */,
				2CCCA6DF1CE8627600C90C0D /* spark.png in Resources */,
				2CA19F631CDEFAFD001E3326 /* LaunchScreen.storyboard in Resources */,
				2CCCA6DE1CE8627600C90C0D /* SmokeParticle.sks in Resources */,
				2CCCA6EF1CE9F50500C90C0D /* RainParticle.sks in Resources */,
				2CCCA6F31CE9F77A00C90C0D /* SparkParticle.sks in Resources */,
				2CA19F601CDEFAFD001E3326 /* Assets.xcassets in Resources */,
				2CCCA6E91CE9354F00C90C0D /* FireParticle.sks in Resources */,
				2CCCA6E31CE8BF3200C90C0D /* bokeh.png in Resources */,
				2CCCA6E21CE8BF3200C90C0D /* BokehParticle.sks in Resources */,
				2CCCA6ED1CE9F47300C90C0D /* MagicParticle.sks in Resources */,
				2CA19F5E1CDEFAFD001E3326 /* Main.storyboard in Resources */,
			);
			runOnlyForDeploymentPostprocessing = 0;
		};
/* End PBXResourcesBuildPhase section */

/* Begin PBXSourcesBuildPhase section */
		2CA19F511CDEFAFC001E3326 /* Sources */ = {
			isa = PBXSourcesBuildPhase;
			buildActionMask = 2147483647;
			files = (
				2CCCA6D71CE852D600C90C0D /* ParticleScene.swift in Sources */,
				2CA19F5B1CDEFAFC001E3326 /* ViewController.swift in Sources */,
				2CA19F591CDEFAFC001E3326 /* AppDelegate.swift in Sources */,
				2CA19FB71CDF26A7001E3326 /* ContentsViewController.swift in Sources */,
			);
			runOnlyForDeploymentPostprocessing = 0;
		};
/* End PBXSourcesBuildPhase section */

/* Begin PBXVariantGroup section */
		2CA19F5C1CDEFAFD001E3326 /* Main.storyboard */ = {
			isa = PBXVariantGroup;
			children = (
				2CA19F5D1CDEFAFD001E3326 /* Base */,
			);
			name = Main.storyboard;
			sourceTree = "<group>";
		};
		2CA19F611CDEFAFD001E3326 /* LaunchScreen.storyboard */ = {
			isa = PBXVariantGroup;
			children = (
				2CA19F621CDEFAFD001E3326 /* Base */,
			);
			name = LaunchScreen.storyboard;
			sourceTree = "<group>";
		};
/* End PBXVariantGroup section */

/* Begin XCBuildConfiguration section */
		2CA19F651CDEFAFD001E3326 /* Debug */ = {
			isa = XCBuildConfiguration;
			buildSettings = {
				ALWAYS_SEARCH_USER_PATHS = NO;
				CLANG_ANALYZER_NONNULL = YES;
				CLANG_CXX_LANGUAGE_STANDARD = "gnu++0x";
				CLANG_CXX_LIBRARY = "libc++";
				CLANG_ENABLE_MODULES = YES;
				CLANG_ENABLE_OBJC_ARC = YES;
				CLANG_WARN_BOOL_CONVERSION = YES;
				CLANG_WARN_CONSTANT_CONVERSION = YES;
				CLANG_WARN_DIRECT_OBJC_ISA_USAGE = YES_ERROR;
				CLANG_WARN_EMPTY_BODY = YES;
				CLANG_WARN_ENUM_CONVERSION = YES;
				CLANG_WARN_INT_CONVERSION = YES;
				CLANG_WARN_OBJC_ROOT_CLASS = YES_ERROR;
				CLANG_WARN_UNREACHABLE_CODE = YES;
				CLANG_WARN__DUPLICATE_METHOD_MATCH = YES;
				"CODE_SIGN_IDENTITY[sdk=iphoneos*]" = "iPhone Developer";
				COPY_PHASE_STRIP = NO;
				DEBUG_INFORMATION_FORMAT = dwarf;
				ENABLE_STRICT_OBJC_MSGSEND = YES;
				ENABLE_TESTABILITY = YES;
				GCC_C_LANGUAGE_STANDARD = gnu99;
				GCC_DYNAMIC_NO_PIC = NO;
				GCC_NO_COMMON_BLOCKS = YES;
				GCC_OPTIMIZATION_LEVEL = 0;
				GCC_PREPROCESSOR_DEFINITIONS = (
					"DEBUG=1",
					"$(inherited)",
				);
				GCC_WARN_64_TO_32_BIT_CONVERSION = YES;
				GCC_WARN_ABOUT_RETURN_TYPE = YES_ERROR;
				GCC_WARN_UNDECLARED_SELECTOR = YES;
				GCC_WARN_UNINITIALIZED_AUTOS = YES_AGGRESSIVE;
				GCC_WARN_UNUSED_FUNCTION = YES;
				GCC_WARN_UNUSED_VARIABLE = YES;
				IPHONEOS_DEPLOYMENT_TARGET = 9.3;
				MTL_ENABLE_DEBUG_INFO = YES;
				ONLY_ACTIVE_ARCH = YES;
				SDKROOT = iphoneos;
				SWIFT_OPTIMIZATION_LEVEL = "-Onone";
			};
			name = Debug;
		};
		2CA19F661CDEFAFD001E3326 /* Release */ = {
			isa = XCBuildConfiguration;
			buildSettings = {
				ALWAYS_SEARCH_USER_PATHS = NO;
				CLANG_ANALYZER_NONNULL = YES;
				CLANG_CXX_LANGUAGE_STANDARD = "gnu++0x";
				CLANG_CXX_LIBRARY = "libc++";
				CLANG_ENABLE_MODULES = YES;
				CLANG_ENABLE_OBJC_ARC = YES;
				CLANG_WARN_BOOL_CONVERSION = YES;
				CLANG_WARN_CONSTANT_CONVERSION = YES;
				CLANG_WARN_DIRECT_OBJC_ISA_USAGE = YES_ERROR;
				CLANG_WARN_EMPTY_BODY = YES;
				CLANG_WARN_ENUM_CONVERSION = YES;
				CLANG_WARN_INT_CONVERSION = YES;
				CLANG_WARN_OBJC_ROOT_CLASS = YES_ERROR;
				CLANG_WARN_UNREACHABLE_CODE = YES;
				CLANG_WARN__DUPLICATE_METHOD_MATCH = YES;
				"CODE_SIGN_IDENTITY[sdk=iphoneos*]" = "iPhone Developer";
				COPY_PHASE_STRIP = NO;
				DEBUG_INFORMATION_FORMAT = "dwarf-with-dsym";
				ENABLE_NS_ASSERTIONS = NO;
				ENABLE_STRICT_OBJC_MSGSEND = YES;
				GCC_C_LANGUAGE_STANDARD = gnu99;
				GCC_NO_COMMON_BLOCKS = YES;
				GCC_WARN_64_TO_32_BIT_CONVERSION = YES;
				GCC_WARN_ABOUT_RETURN_TYPE = YES_ERROR;
				GCC_WARN_UNDECLARED_SELECTOR = YES;
				GCC_WARN_UNINITIALIZED_AUTOS = YES_AGGRESSIVE;
				GCC_WARN_UNUSED_FUNCTION = YES;
				GCC_WARN_UNUSED_VARIABLE = YES;
				IPHONEOS_DEPLOYMENT_TARGET = 9.3;
				MTL_ENABLE_DEBUG_INFO = NO;
				SDKROOT = iphoneos;
				VALIDATE_PRODUCT = YES;
			};
			name = Release;
		};
		2CA19F681CDEFAFD001E3326 /* Debug */ = {
			isa = XCBuildConfiguration;
			buildSettings = {
				ASSETCATALOG_COMPILER_APPICON_NAME = AppIcon;
				INFOPLIST_FILE = SpriteKitParticleSample/Info.plist;
				IPHONEOS_DEPLOYMENT_TARGET = 8.4;
				LD_RUNPATH_SEARCH_PATHS = "$(inherited) @executable_path/Frameworks";
				PRODUCT_BUNDLE_IDENTIFIER = com.akatsuki174.SpriteKitParticleSample;
				PRODUCT_NAME = "$(TARGET_NAME)";
			};
			name = Debug;
		};
		2CA19F691CDEFAFD001E3326 /* Release */ = {
			isa = XCBuildConfiguration;
			buildSettings = {
				ASSETCATALOG_COMPILER_APPICON_NAME = AppIcon;
				INFOPLIST_FILE = SpriteKitParticleSample/Info.plist;
				IPHONEOS_DEPLOYMENT_TARGET = 8.4;
				LD_RUNPATH_SEARCH_PATHS = "$(inherited) @executable_path/Frameworks";
				PRODUCT_BUNDLE_IDENTIFIER = com.akatsuki174.SpriteKitParticleSample;
				PRODUCT_NAME = "$(TARGET_NAME)";
			};
			name = Release;
		};
/* End XCBuildConfiguration section */

/* Begin XCConfigurationList section */
		2CA19F501CDEFAFC001E3326 /* Build configuration list for PBXProject "SpriteKitParticleSample" */ = {
			isa = XCConfigurationList;
			buildConfigurations = (
				2CA19F651CDEFAFD001E3326 /* Debug */,
				2CA19F661CDEFAFD001E3326 /* Release */,
			);
			defaultConfigurationIsVisible = 0;
			defaultConfigurationName = Release;
		};
		2CA19F671CDEFAFD001E3326 /* Build configuration list for PBXNativeTarget "SpriteKitParticleSample" */ = {
			isa = XCConfigurationList;
			buildConfigurations = (
				2CA19F681CDEFAFD001E3326 /* Debug */,
				2CA19F691CDEFAFD001E3326 /* Release */,
			);
			defaultConfigurationIsVisible = 0;
			defaultConfigurationName = Release;
		};
/* End XCConfigurationList section */
	};
	rootObject = 2CA19F4D1CDEFAFC001E3326 /* Project object */;
}
